
Microsoft Visual Studio Solution File, Format Version 12.00
Project("{FAE04EC0-301F-11D3-BF4B-00C04F79EFBC}") = "Server", "Server\Server.csproj", "{247421A7-C0DA-4635-BC70-8CF3A96667F6}"
EndProject
Project("{FAE04EC0-301F-11D3-BF4B-00C04F79EFBC}") = "Backend", "Backend\Backend.csproj", "{AEC4397B-6F23-4EAE-8F3A-CAC5A4408939}"
EndProject
Global
	GlobalSection(SolutionConfigurationPlatforms) = preSolution
		Debug|Any CPU = Debug|Any CPU
		Release|Any CPU = Release|Any CPU
	EndGlobalSection
	GlobalSection(ProjectConfigurationPlatforms) = postSolution
		{247421A7-C0DA-4635-BC70-8CF3A96667F6}.Debug|Any CPU.ActiveCfg = Debug|Any CPU
		{247421A7-C0DA-4635-BC70-8CF3A96667F6}.Debug|Any CPU.Build.0 = Debug|Any CPU
		{247421A7-C0DA-4635-BC70-8CF3A96667F6}.Release|Any CPU.ActiveCfg = Release|Any CPU
		{247421A7-C0DA-4635-BC70-8CF3A96667F6}.Release|Any CPU.Build.0 = Release|Any CPU
		{AEC4397B-6F23-4EAE-8F3A-CAC5A4408939}.Debug|Any CPU.ActiveCfg = Debug|Any CPU
		{AEC4397B-6F23-4EAE-8F3A-CAC5A4408939}.Debug|Any CPU.Build.0 = Debug|Any CPU
		{AEC4397B-6F23-4EAE-8F3A-CAC5A4408939}.Release|Any CPU.ActiveCfg = Release|Any CPU
		{AEC4397B-6F23-4EAE-8F3A-CAC5A4408939}.Release|Any CPU.Build.0 = Release|Any CPU
	EndGlobalSection
EndGlobal
